
Microsoft Visual Studio Solution File, Format Version 12.00
# Visual Studio Version 16
VisualStudioVersion = 16.0.29728.190
MinimumVisualStudioVersion = 10.0.40219.1
Project("{FAE04EC0-301F-11D3-BF4B-00C04F79EFBC}") = "Sc", "Sc\Sc.csproj", "{C4F0817D-08BE-4158-81ED-B8F04D33DC4B}"
EndProject
Project("{FAE04EC0-301F-11D3-BF4B-00C04F79EFBC}") = "demo", "demo\demo.csproj", "{E449059A-67BB-4E86-AFAE-B3A05C682BBF}"
EndProject
Project("{FAE04EC0-301F-11D3-BF4B-00C04F79EFBC}") = "Demo2", "Demo2\Demo2.csproj", "{AA23619E-2BB7-4B5E-9212-4202885E1859}"
EndProject
Global
	GlobalSection(SolutionConfigurationPlatforms) = preSolution
		Debug|Any CPU = Debug|Any CPU
		Release|Any CPU = Release|Any CPU
	EndGlobalSection
	GlobalSection(ProjectConfigurationPlatforms) = postSolution
		{C4F0817D-08BE-4158-81ED-B8F04D33DC4B}.Debug|Any CPU.ActiveCfg = Debug|Any CPU
		{C4F0817D-08BE-4158-81ED-B8F04D33DC4B}.Debug|Any CPU.Build.0 = Debug|Any CPU
		{C4F0817D-08BE-4158-81ED-B8F04D33DC4B}.Release|Any CPU.ActiveCfg = Release|Any CPU
		{C4F0817D-08BE-4158-81ED-B8F04D33DC4B}.Release|Any CPU.Build.0 = Release|Any CPU
		{E449059A-67BB-4E86-AFAE-B3A05C682BBF}.Debug|Any CPU.ActiveCfg = Debug|Any CPU
		{E449059A-67BB-4E86-AFAE-B3A05C682BBF}.Debug|Any CPU.Build.0 = Debug|Any CPU
		{E449059A-67BB-4E86-AFAE-B3A05C682BBF}.Release|Any CPU.ActiveCfg = Release|Any CPU
		{E449059A-67BB-4E86-AFAE-B3A05C682BBF}.Release|Any CPU.Build.0 = Release|Any CPU
		{AA23619E-2BB7-4B5E-9212-4202885E1859}.Debug|Any CPU.ActiveCfg = Debug|Any CPU
		{AA23619E-2BB7-4B5E-9212-4202885E1859}.Debug|Any CPU.Build.0 = Debug|Any CPU
		{AA23619E-2BB7-4B5E-9212-4202885E1859}.Release|Any CPU.ActiveCfg = Release|Any CPU
		{AA23619E-2BB7-4B5E-9212-4202885E1859}.Release|Any CPU.Build.0 = Release|Any CPU
	EndGlobalSection
	GlobalSection(SolutionProperties) = preSolution
		HideSolutionNode = FALSE
	EndGlobalSection
	GlobalSection(ExtensibilityGlobals) = postSolution
		SolutionGuid = {EAD93EBB-9897-48A0-BD50-0F0E174D01C2}
	EndGlobalSection
EndGlobal
